// !$*UTF8*$!
{
	archiveVersion = 1;
	classes = {
	};
	objectVersion = 50;
	objects = {

/* Begin PBXBuildFile section */
		138AF3419270E737FA0E9699 /* Pods_Lesson_RxSwift.framework in Frameworks */ = {isa = PBXBuildFile; fileRef = DA2DD8E70477A46E87D28B91 /* Pods_Lesson_RxSwift.framework */; settings = {ATTRIBUTES = (Required, ); }; };
		2236588C20E50EA10051F73D /* AppDelegate.swift in Sources */ = {isa = PBXBuildFile; fileRef = 2236588B20E50EA10051F73D /* AppDelegate.swift */; };
		2236588E20E50EA10051F73D /* ViewController.swift in Sources */ = {isa = PBXBuildFile; fileRef = 2236588D20E50EA10051F73D /* ViewController.swift */; };
		2236589120E50EA10051F73D /* Main.storyboard in Resources */ = {isa = PBXBuildFile; fileRef = 2236588F20E50EA10051F73D /* Main.storyboard */; };
		2236589320E50EA40051F73D /* Assets.xcassets in Resources */ = {isa = PBXBuildFile; fileRef = 2236589220E50EA40051F73D /* Assets.xcassets */; };
		2236589620E50EA40051F73D /* LaunchScreen.storyboard in Resources */ = {isa = PBXBuildFile; fileRef = 2236589420E50EA40051F73D /* LaunchScreen.storyboard */; };
		2236589E20E510330051F73D /* Const.swift in Sources */ = {isa = PBXBuildFile; fileRef = 2236589D20E510330051F73D /* Const.swift */; };
		223658A020E511410051F73D /* MusicListViewModel.swift in Sources */ = {isa = PBXBuildFile; fileRef = 2236589F20E511410051F73D /* MusicListViewModel.swift */; };
/* End PBXBuildFile section */

/* Begin PBXFileReference section */
		2236588820E50EA10051F73D /* Lesson-RxSwift.app */ = {isa = PBXFileReference; explicitFileType = wrapper.application; includeInIndex = 0; path = "Lesson-RxSwift.app"; sourceTree = BUILT_PRODUCTS_DIR; };
		2236588B20E50EA10051F73D /* AppDelegate.swift */ = {isa = PBXFileReference; lastKnownFileType = sourcecode.swift; path = AppDelegate.swift; sourceTree = "<group>"; };
		2236588D20E50EA10051F73D /* ViewController.swift */ = {isa = PBXFileReference; lastKnownFileType = sourcecode.swift; path = ViewController.swift; sourceTree = "<group>"; };
		2236589020E50EA10051F73D /* Base */ = {isa = PBXFileReference; lastKnownFileType = file.storyboard; name = Base; path = Base.lproj/Main.storyboard; sourceTree = "<group>"; };
		2236589220E50EA40051F73D /* Assets.xcassets */ = {isa = PBXFileReference; lastKnownFileType = folder.assetcatalog; path = Assets.xcassets; sourceTree = "<group>"; };
		2236589520E50EA40051F73D /* Base */ = {isa = PBXFileReference; lastKnownFileType = file.storyboard; name = Base; path = Base.lproj/LaunchScreen.storyboard; sourceTree = "<group>"; };
		2236589720E50EA40051F73D /* Info.plist */ = {isa = PBXFileReference; lastKnownFileType = text.plist.xml; path = Info.plist; sourceTree = "<group>"; };
		2236589D20E510330051F73D /* Const.swift */ = {isa = PBXFileReference; lastKnownFileType = sourcecode.swift; path = Const.swift; sourceTree = "<group>"; };
		2236589F20E511410051F73D /* MusicListViewModel.swift */ = {isa = PBXFileReference; lastKnownFileType = sourcecode.swift; path = MusicListViewModel.swift; sourceTree = "<group>"; };
		3D7456B0ABD1B9152E1106F4 /* Pods-Lesson-RxSwift.release.xcconfig */ = {isa = PBXFileReference; includeInIndex = 1; lastKnownFileType = text.xcconfig; name = "Pods-Lesson-RxSwift.release.xcconfig"; path = "Pods/Target Support Files/Pods-Lesson-RxSwift/Pods-Lesson-RxSwift.release.xcconfig"; sourceTree = "<group>"; };
		68969FAB517DCCAEA8217C65 /* Pods-Lesson-RxSwift.debug.xcconfig */ = {isa = PBXFileReference; includeInIndex = 1; lastKnownFileType = text.xcconfig; name = "Pods-Lesson-RxSwift.debug.xcconfig"; path = "Pods/Target Support Files/Pods-Lesson-RxSwift/Pods-Lesson-RxSwift.debug.xcconfig"; sourceTree = "<group>"; };
		DA2DD8E70477A46E87D28B91 /* Pods_Lesson_RxSwift.framework */ = {isa = PBXFileReference; explicitFileType = wrapper.framework; includeInIndex = 0; path = Pods_Lesson_RxSwift.framework; sourceTree = BUILT_PRODUCTS_DIR; };
/* End PBXFileReference section */

/* Begin PBXFrameworksBuildPhase section */
		2236588520E50EA10051F73D /* Frameworks */ = {
			isa = PBXFrameworksBuildPhase;
			buildActionMask = 2147483647;
			files = (
				138AF3419270E737FA0E9699 /* Pods_Lesson_RxSwift.framework in Frameworks */,
			);
			runOnlyForDeploymentPostprocessing = 0;
		};
/* End PBXFrameworksBuildPhase section */

/* Begin PBXGroup section */
		2236587F20E50EA10051F73D = {
			isa = PBXGroup;
			children = (
				2236588A20E50EA10051F73D /* Lesson-RxSwift */,
				2236588920E50EA10051F73D /* Products */,
				5BFCE6F0F30B6B552332BA9F /* Pods */,
				DD33F5DB5162FAE5A568CBE2 /* Frameworks */,
			);
			sourceTree = "<group>";
		};
		2236588920E50EA10051F73D /* Products */ = {
			isa = PBXGroup;
			children = (
				2236588820E50EA10051F73D /* Lesson-RxSwift.app */,
			);
			name = Products;
			sourceTree = "<group>";
		};
		2236588A20E50EA10051F73D /* Lesson-RxSwift */ = {
			isa = PBXGroup;
			children = (
				2236588B20E50EA10051F73D /* AppDelegate.swift */,
				2236588D20E50EA10051F73D /* ViewController.swift */,
				2236589F20E511410051F73D /* MusicListViewModel.swift */,
				2236589D20E510330051F73D /* Const.swift */,
				2236588F20E50EA10051F73D /* Main.storyboard */,
				2236589220E50EA40051F73D /* Assets.xcassets */,
				2236589420E50EA40051F73D /* LaunchScreen.storyboard */,
				2236589720E50EA40051F73D /* Info.plist */,
			);
			path = "Lesson-RxSwift";
			sourceTree = "<group>";
		};
		5BFCE6F0F30B6B552332BA9F /* Pods */ = {
			isa = PBXGroup;
			children = (
				68969FAB517DCCAEA8217C65 /* Pods-Lesson-RxSwift.debug.xcconfig */,
				3D7456B0ABD1B9152E1106F4 /* Pods-Lesson-RxSwift.release.xcconfig */,
			);
			name = Pods;
			sourceTree = "<group>";
		};
		DD33F5DB5162FAE5A568CBE2 /* Frameworks */ = {
			isa = PBXGroup;
			children = (
				DA2DD8E70477A46E87D28B91 /* Pods_Lesson_RxSwift.framework */,
			);
			name = Frameworks;
			sourceTree = "<group>";
		};
/* End PBXGroup section */

/* Begin PBXNativeTarget section */
		2236588720E50EA10051F73D /* Lesson-RxSwift */ = {
			isa = PBXNativeTarget;
			buildConfigurationList = 2236589A20E50EA40051F73D /* Build configuration list for PBXNativeTarget "Lesson-RxSwift" */;
			buildPhases = (
				9AAB6B0C885C42E70092A192 /* [CP] Check Pods Manifest.lock */,
				2236588420E50EA10051F73D /* Sources */,
				2236588520E50EA10051F73D /* Frameworks */,
				2236588620E50EA10051F73D /* Resources */,
				951A99636927D067CAE1C081 /* [CP] Embed Pods Frameworks */,
			);
			buildRules = (
			);
			dependencies = (
			);
			name = "Lesson-RxSwift";
			productName = "Lesson-RxSwift";
			productReference = 2236588820E50EA10051F73D /* Lesson-RxSwift.app */;
			productType = "com.apple.product-type.application";
		};
/* End PBXNativeTarget section */

/* Begin PBXProject section */
		2236588020E50EA10051F73D /* Project object */ = {
			isa = PBXProject;
			attributes = {
				LastSwiftUpdateCheck = 0930;
				LastUpgradeCheck = 0930;
				ORGANIZATIONNAME = jinjin;
				TargetAttributes = {
					2236588720E50EA10051F73D = {
						CreatedOnToolsVersion = 9.3.1;
					};
				};
			};
			buildConfigurationList = 2236588320E50EA10051F73D /* Build configuration list for PBXProject "Lesson-RxSwift" */;
			compatibilityVersion = "Xcode 9.3";
			developmentRegion = en;
			hasScannedForEncodings = 0;
			knownRegions = (
				en,
				Base,
			);
			mainGroup = 2236587F20E50EA10051F73D;
			productRefGroup = 2236588920E50EA10051F73D /* Products */;
			projectDirPath = "";
			projectRoot = "";
			targets = (
				2236588720E50EA10051F73D /* Lesson-RxSwift */,
			);
		};
/* End PBXProject section */

/* Begin PBXResourcesBuildPhase section */
		2236588620E50EA10051F73D /* Resources */ = {
			isa = PBXResourcesBuildPhase;
			buildActionMask = 2147483647;
			files = (
				2236589620E50EA40051F73D /* LaunchScreen.storyboard in Resources */,
				2236589320E50EA40051F73D /* Assets.xcassets in Resources */,
				2236589120E50EA10051F73D /* Main.storyboard in Resources */,
			);
			runOnlyForDeploymentPostprocessing = 0;
		};
/* End PBXResourcesBuildPhase section */

/* Begin PBXShellScriptBuildPhase section */
		951A99636927D067CAE1C081 /* [CP] Embed Pods Frameworks */ = {
			isa = PBXShellScriptBuildPhase;
			buildActionMask = 2147483647;
			files = (
			);
			inputFileListPaths = (
				"${PODS_ROOT}/Target Support Files/Pods-Lesson-RxSwift/Pods-Lesson-RxSwift-frameworks-${CONFIGURATION}-input-files.xcfilelist",
			);
			name = "[CP] Embed Pods Frameworks";
			outputFileListPaths = (
				"${PODS_ROOT}/Target Support Files/Pods-Lesson-RxSwift/Pods-Lesson-RxSwift-frameworks-${CONFIGURATION}-output-files.xcfilelist",
			);
			runOnlyForDeploymentPostprocessing = 0;
			shellPath = /bin/sh;
			shellScript = "\"${PODS_ROOT}/Target Support Files/Pods-Lesson-RxSwift/Pods-Lesson-RxSwift-frameworks.sh\"\n";
			showEnvVarsInLog = 0;
		};
		9AAB6B0C885C42E70092A192 /* [CP] Check Pods Manifest.lock */ = {
			isa = PBXShellScriptBuildPhase;
			buildActionMask = 2147483647;
			files = (
			);
			inputPaths = (
				"${PODS_PODFILE_DIR_PATH}/Podfile.lock",
				"${PODS_ROOT}/Manifest.lock",
			);
			name = "[CP] Check Pods Manifest.lock";
			outputPaths = (
				"$(DERIVED_FILE_DIR)/Pods-Lesson-RxSwift-checkManifestLockResult.txt",
			);
			runOnlyForDeploymentPostprocessing = 0;
			shellPath = /bin/sh;
			shellScript = "diff \"${PODS_PODFILE_DIR_PATH}/Podfile.lock\" \"${PODS_ROOT}/Manifest.lock\" > /dev/null\nif [ $? != 0 ] ; then\n    # print error to STDERR\n    echo \"error: The sandbox is not in sync with the Podfile.lock. Run 'pod install' or update your CocoaPods installation.\" >&2\n    exit 1\nfi\n# This output is used by Xcode 'outputs' to avoid re-running this script phase.\necho \"SUCCESS\" > \"${SCRIPT_OUTPUT_FILE_0}\"\n";
			showEnvVarsInLog = 0;
		};
/* End PBXShellScriptBuildPhase section */

/* Begin PBXSourcesBuildPhase section */
		2236588420E50EA10051F73D /* Sources */ = {
			isa = PBXSourcesBuildPhase;
			buildActionMask = 2147483647;
			files = (
				223658A020E511410051F73D /* MusicListViewModel.swift in Sources */,
				2236588E20E50EA10051F73D /* ViewController.swift in Sources */,
				2236588C20E50EA10051F73D /* AppDelegate.swift in Sources */,
				2236589E20E510330051F73D /* Const.swift in Sources */,
			);
			runOnlyForDeploymentPostprocessing = 0;
		};
/* End PBXSourcesBuildPhase section */

/* Begin PBXVariantGroup section */
		2236588F20E50EA10051F73D /* Main.storyboard */ = {
			isa = PBXVariantGroup;
			children = (
				2236589020E50EA10051F73D /* Base */,
			);
			name = Main.storyboard;
			sourceTree = "<group>";
		};
		2236589420E50EA40051F73D /* LaunchScreen.storyboard */ = {
			isa = PBXVariantGroup;
			children = (
				2236589520E50EA40051F73D /* Base */,
			);
			name = LaunchScreen.storyboard;
			sourceTree = "<group>";
		};
/* End PBXVariantGroup section */

/* Begin XCBuildConfiguration section */
		2236589820E50EA40051F73D /* Debug */ = {
			isa = XCBuildConfiguration;
			buildSettings = {
				ALWAYS_SEARCH_USER_PATHS = NO;
				CLANG_ANALYZER_NONNULL = YES;
				CLANG_ANALYZER_NUMBER_OBJECT_CONVERSION = YES_AGGRESSIVE;
				CLANG_CXX_LANGUAGE_STANDARD = "gnu++14";
				CLANG_CXX_LIBRARY = "libc++";
				CLANG_ENABLE_MODULES = YES;
				CLANG_ENABLE_OBJC_ARC = YES;
				CLANG_ENABLE_OBJC_WEAK = YES;
				CLANG_WARN_BLOCK_CAPTURE_AUTORELEASING = YES;
				CLANG_WARN_BOOL_CONVERSION = YES;
				CLANG_WARN_COMMA = YES;
				CLANG_WARN_CONSTANT_CONVERSION = YES;
				CLANG_WARN_DEPRECATED_OBJC_IMPLEMENTATIONS = YES;
				CLANG_WARN_DIRECT_OBJC_ISA_USAGE = YES_ERROR;
				CLANG_WARN_DOCUMENTATION_COMMENTS = YES;
				CLANG_WARN_EMPTY_BODY = YES;
				CLANG_WARN_ENUM_CONVERSION = YES;
				CLANG_WARN_INFINITE_RECURSION = YES;
				CLANG_WARN_INT_CONVERSION = YES;
				CLANG_WARN_NON_LITERAL_NULL_CONVERSION = YES;
				CLANG_WARN_OBJC_IMPLICIT_RETAIN_SELF = YES;
				CLANG_WARN_OBJC_LITERAL_CONVERSION = YES;
				CLANG_WARN_OBJC_ROOT_CLASS = YES_ERROR;
				CLANG_WARN_RANGE_LOOP_ANALYSIS = YES;
				CLANG_WARN_STRICT_PROTOTYPES = YES;
				CLANG_WARN_SUSPICIOUS_MOVE = YES;
				CLANG_WARN_UNGUARDED_AVAILABILITY = YES_AGGRESSIVE;
				CLANG_WARN_UNREACHABLE_CODE = YES;
				CLANG_WARN__DUPLICATE_METHOD_MATCH = YES;
				CODE_SIGN_IDENTITY = "iPhone Developer";
				COPY_PHASE_STRIP = NO;
				DEBUG_INFORMATION_FORMAT = dwarf;
				ENABLE_STRICT_OBJC_MSGSEND = YES;
				ENABLE_TESTABILITY = YES;
				GCC_C_LANGUAGE_STANDARD = gnu11;
				GCC_DYNAMIC_NO_PIC = NO;
				GCC_NO_COMMON_BLOCKS = YES;
				GCC_OPTIMIZATION_LEVEL = 0;
				GCC_PREPROCESSOR_DEFINITIONS = (
					"DEBUG=1",
					"$(inherited)",
				);
				GCC_WARN_64_TO_32_BIT_CONVERSION = YES;
				GCC_WARN_ABOUT_RETURN_TYPE = YES_ERROR;
				GCC_WARN_UNDECLARED_SELECTOR = YES;
				GCC_WARN_UNINITIALIZED_AUTOS = YES_AGGRESSIVE;
				GCC_WARN_UNUSED_FUNCTION = YES;
				GCC_WARN_UNUSED_VARIABLE = YES;
				IPHONEOS_DEPLOYMENT_TARGET = 11.3;
				MTL_ENABLE_DEBUG_INFO = YES;
				ONLY_ACTIVE_ARCH = YES;
				SDKROOT = iphoneos;
				SWIFT_ACTIVE_COMPILATION_CONDITIONS = DEBUG;
				SWIFT_OPTIMIZATION_LEVEL = "-Onone";
			};
			name = Debug;
		};
		2236589920E50EA40051F73D /* Release */ = {
			isa = XCBuildConfiguration;
			buildSettings = {
				ALWAYS_SEARCH_USER_PATHS = NO;
				CLANG_ANALYZER_NONNULL = YES;
				CLANG_ANALYZER_NUMBER_OBJECT_CONVERSION = YES_AGGRESSIVE;
				CLANG_CXX_LANGUAGE_STANDARD = "gnu++14";
				CLANG_CXX_LIBRARY = "libc++";
				CLANG_ENABLE_MODULES = YES;
				CLANG_ENABLE_OBJC_ARC = YES;
				CLANG_ENABLE_OBJC_WEAK = YES;
				CLANG_WARN_BLOCK_CAPTURE_AUTORELEASING = YES;
				CLANG_WARN_BOOL_CONVERSION = YES;
				CLANG_WARN_COMMA = YES;
				CLANG_WARN_CONSTANT_CONVERSION = YES;
				CLANG_WARN_DEPRECATED_OBJC_IMPLEMENTATIONS = YES;
				CLANG_WARN_DIRECT_OBJC_ISA_USAGE = YES_ERROR;
				CLANG_WARN_DOCUMENTATION_COMMENTS = YES;
				CLANG_WARN_EMPTY_BODY = YES;
				CLANG_WARN_ENUM_CONVERSION = YES;
				CLANG_WARN_INFINITE_RECURSION = YES;
				CLANG_WARN_INT_CONVERSION = YES;
				CLANG_WARN_NON_LITERAL_NULL_CONVERSION = YES;
				CLANG_WARN_OBJC_IMPLICIT_RETAIN_SELF = YES;
				CLANG_WARN_OBJC_LITERAL_CONVERSION = YES;
				CLANG_WARN_OBJC_ROOT_CLASS = YES_ERROR;
				CLANG_WARN_RANGE_LOOP_ANALYSIS = YES;
				CLANG_WARN_STRICT_PROTOTYPES = YES;
				CLANG_WARN_SUSPICIOUS_MOVE = YES;
				CLANG_WARN_UNGUARDED_AVAILABILITY = YES_AGGRESSIVE;
				CLANG_WARN_UNREACHABLE_CODE = YES;
				CLANG_WARN__DUPLICATE_METHOD_MATCH = YES;
				CODE_SIGN_IDENTITY = "iPhone Developer";
				COPY_PHASE_STRIP = NO;
				DEBUG_INFORMATION_FORMAT = "dwarf-with-dsym";
				ENABLE_NS_ASSERTIONS = NO;
				ENABLE_STRICT_OBJC_MSGSEND = YES;
				GCC_C_LANGUAGE_STANDARD = gnu11;
				GCC_NO_COMMON_BLOCKS = YES;
				GCC_WARN_64_TO_32_BIT_CONVERSION = YES;
				GCC_WARN_ABOUT_RETURN_TYPE = YES_ERROR;
				GCC_WARN_UNDECLARED_SELECTOR = YES;
				GCC_WARN_UNINITIALIZED_AUTOS = YES_AGGRESSIVE;
				GCC_WARN_UNUSED_FUNCTION = YES;
				GCC_WARN_UNUSED_VARIABLE = YES;
				IPHONEOS_DEPLOYMENT_TARGET = 11.3;
				MTL_ENABLE_DEBUG_INFO = NO;
				SDKROOT = iphoneos;
				SWIFT_COMPILATION_MODE = wholemodule;
				SWIFT_OPTIMIZATION_LEVEL = "-O";
				VALIDATE_PRODUCT = YES;
			};
			name = Release;
		};
		2236589B20E50EA40051F73D /* Debug */ = {
			isa = XCBuildConfiguration;
			baseConfigurationReference = 68969FAB517DCCAEA8217C65 /* Pods-Lesson-RxSwift.debug.xcconfig */;
			buildSettings = {
				ASSETCATALOG_COMPILER_APPICON_NAME = AppIcon;
				CODE_SIGN_STYLE = Automatic;
				DEVELOPMENT_TEAM = YDJE97CX57;
				INFOPLIST_FILE = "Lesson-RxSwift/Info.plist";
				LD_RUNPATH_SEARCH_PATHS = (
					"$(inherited)",
					"@executable_path/Frameworks",
				);
				PRODUCT_BUNDLE_IDENTIFIER = "--.Lesson-RxSwift";
				PRODUCT_NAME = "$(TARGET_NAME)";
				SWIFT_VERSION = 5.0;
				TARGETED_DEVICE_FAMILY = 1;
			};
			name = Debug;
		};
		2236589C20E50EA40051F73D /* Release */ = {
			isa = XCBuildConfiguration;
			baseConfigurationReference = 3D7456B0ABD1B9152E1106F4 /* Pods-Lesson-RxSwift.release.xcconfig */;
			buildSettings = {
				ASSETCATALOG_COMPILER_APPICON_NAME = AppIcon;
				CODE_SIGN_STYLE = Automatic;
				DEVELOPMENT_TEAM = YDJE97CX57;
				INFOPLIST_FILE = "Lesson-RxSwift/Info.plist";
				LD_RUNPATH_SEARCH_PATHS = (
					"$(inherited)",
					"@executable_path/Frameworks",
				);
				PRODUCT_BUNDLE_IDENTIFIER = "--.Lesson-RxSwift";
				PRODUCT_NAME = "$(TARGET_NAME)";
				SWIFT_VERSION = 5.0;
				TARGETED_DEVICE_FAMILY = 1;
			};
			name = Release;
		};
/* End XCBuildConfiguration section */

/* Begin XCConfigurationList section */
		2236588320E50EA10051F73D /* Build configuration list for PBXProject "Lesson-RxSwift" */ = {
			isa = XCConfigurationList;
			buildConfigurations = (
				2236589820E50EA40051F73D /* Debug */,
				2236589920E50EA40051F73D /* Release */,
			);
			defaultConfigurationIsVisible = 0;
			defaultConfigurationName = Release;
		};
		2236589A20E50EA40051F73D /* Build configuration list for PBXNativeTarget "Lesson-RxSwift" */ = {
			isa = XCConfigurationList;
			buildConfigurations = (
				2236589B20E50EA40051F73D /* Debug */,
				2236589C20E50EA40051F73D /* Release */,
			);
			defaultConfigurationIsVisible = 0;
			defaultConfigurationName = Release;
		};
/* End XCConfigurationList section */
	};
	rootObject = 2236588020E50EA10051F73D /* Project object */;
}
